// !$*UTF8*$!
{
	archiveVersion = 1;
	classes = {
	};
	objectVersion = 55;
	objects = {

/* Begin PBXBuildFile section */
		A73CAB39286A271300CAA770 /* DetailViewVC.swift in Sources */ = {isa = PBXBuildFile; fileRef = A73CAB38286A271300CAA770 /* DetailViewVC.swift */; };
		A73CAB3B286B2F4D00CAA770 /* KeyList.plist in Resources */ = {isa = PBXBuildFile; fileRef = A73CAB3A286B2F4D00CAA770 /* KeyList.plist */; };
		A7449B1628689A1A00610EFB /* UIinitSetting.swift in Sources */ = {isa = PBXBuildFile; fileRef = A7449B1528689A1A00610EFB /* UIinitSetting.swift */; };
		A7449B182868A45F00610EFB /* SummaryViewVC.swift in Sources */ = {isa = PBXBuildFile; fileRef = A7449B172868A45F00610EFB /* SummaryViewVC.swift */; };
		A7449B1A2868A55000610EFB /* SummaryTableViewCell.swift in Sources */ = {isa = PBXBuildFile; fileRef = A7449B192868A55000610EFB /* SummaryTableViewCell.swift */; };
		A7449B1C2868AD6200610EFB /* spotlight120.png in Resources */ = {isa = PBXBuildFile; fileRef = A7449B1B2868AD6200610EFB /* spotlight120.png */; };
		A7449B1E2869881E00610EFB /* APIModel.swift in Sources */ = {isa = PBXBuildFile; fileRef = A7449B1D2869881E00610EFB /* APIModel.swift */; };
		A75F3B93285790D2000AC9B7 /* AppDelegate.swift in Sources */ = {isa = PBXBuildFile; fileRef = A75F3B92285790D2000AC9B7 /* AppDelegate.swift */; };
		A75F3B95285790D2000AC9B7 /* SceneDelegate.swift in Sources */ = {isa = PBXBuildFile; fileRef = A75F3B94285790D2000AC9B7 /* SceneDelegate.swift */; };
		A75F3B9C285790D5000AC9B7 /* Assets.xcassets in Resources */ = {isa = PBXBuildFile; fileRef = A75F3B9B285790D5000AC9B7 /* Assets.xcassets */; };
		A75F3B9F285790D5000AC9B7 /* LaunchScreen.storyboard in Resources */ = {isa = PBXBuildFile; fileRef = A75F3B9D285790D5000AC9B7 /* LaunchScreen.storyboard */; };
/* End PBXBuildFile section */

/* Begin PBXFileReference section */
		A73CAB38286A271300CAA770 /* DetailViewVC.swift */ = {isa = PBXFileReference; lastKnownFileType = sourcecode.swift; path = DetailViewVC.swift; sourceTree = "<group>"; };
		A73CAB3A286B2F4D00CAA770 /* KeyList.plist */ = {isa = PBXFileReference; lastKnownFileType = text.plist.xml; path = KeyList.plist; sourceTree = "<group>"; };
		A7449B1528689A1A00610EFB /* UIinitSetting.swift */ = {isa = PBXFileReference; lastKnownFileType = sourcecode.swift; path = UIinitSetting.swift; sourceTree = "<group>"; };
		A7449B172868A45F00610EFB /* SummaryViewVC.swift */ = {isa = PBXFileReference; lastKnownFileType = sourcecode.swift; path = SummaryViewVC.swift; sourceTree = "<group>"; };
		A7449B192868A55000610EFB /* SummaryTableViewCell.swift */ = {isa = PBXFileReference; lastKnownFileType = sourcecode.swift; path = SummaryTableViewCell.swift; sourceTree = "<group>"; };
		A7449B1B2868AD6200610EFB /* spotlight120.png */ = {isa = PBXFileReference; lastKnownFileType = image.png; path = spotlight120.png; sourceTree = "<group>"; };
		A7449B1D2869881E00610EFB /* APIModel.swift */ = {isa = PBXFileReference; lastKnownFileType = sourcecode.swift; path = APIModel.swift; sourceTree = "<group>"; };
		A75F3B8F285790D2000AC9B7 /* Weather_Search.app */ = {isa = PBXFileReference; explicitFileType = wrapper.application; includeInIndex = 0; path = Weather_Search.app; sourceTree = BUILT_PRODUCTS_DIR; };
		A75F3B92285790D2000AC9B7 /* AppDelegate.swift */ = {isa = PBXFileReference; lastKnownFileType = sourcecode.swift; path = AppDelegate.swift; sourceTree = "<group>"; };
		A75F3B94285790D2000AC9B7 /* SceneDelegate.swift */ = {isa = PBXFileReference; lastKnownFileType = sourcecode.swift; path = SceneDelegate.swift; sourceTree = "<group>"; };
		A75F3B9B285790D5000AC9B7 /* Assets.xcassets */ = {isa = PBXFileReference; lastKnownFileType = folder.assetcatalog; path = Assets.xcassets; sourceTree = "<group>"; };
		A75F3B9E285790D5000AC9B7 /* Base */ = {isa = PBXFileReference; lastKnownFileType = file.storyboard; name = Base; path = Base.lproj/LaunchScreen.storyboard; sourceTree = "<group>"; };
		A75F3BA0285790D5000AC9B7 /* Info.plist */ = {isa = PBXFileReference; lastKnownFileType = text.plist.xml; path = Info.plist; sourceTree = "<group>"; };
/* End PBXFileReference section */

/* Begin PBXFrameworksBuildPhase section */
		A75F3B8C285790D2000AC9B7 /* Frameworks */ = {
			isa = PBXFrameworksBuildPhase;
			buildActionMask = 2147483647;
			files = (
			);
			runOnlyForDeploymentPostprocessing = 0;
		};
/* End PBXFrameworksBuildPhase section */

/* Begin PBXGroup section */
		A75F3B86285790D2000AC9B7 = {
			isa = PBXGroup;
			children = (
				A75F3B91285790D2000AC9B7 /* Weather_Search */,
				A75F3B90285790D2000AC9B7 /* Products */,
			);
			sourceTree = "<group>";
		};
		A75F3B90285790D2000AC9B7 /* Products */ = {
			isa = PBXGroup;
			children = (
				A75F3B8F285790D2000AC9B7 /* Weather_Search.app */,
			);
			name = Products;
			sourceTree = "<group>";
		};
		A75F3B91285790D2000AC9B7 /* Weather_Search */ = {
			isa = PBXGroup;
			children = (
				A7449B1D2869881E00610EFB /* APIModel.swift */,
				A7449B1528689A1A00610EFB /* UIinitSetting.swift */,
				A75F3B92285790D2000AC9B7 /* AppDelegate.swift */,
				A75F3B94285790D2000AC9B7 /* SceneDelegate.swift */,
				A7449B172868A45F00610EFB /* SummaryViewVC.swift */,
				A73CAB3A286B2F4D00CAA770 /* KeyList.plist */,
				A73CAB38286A271300CAA770 /* DetailViewVC.swift */,
				A7449B192868A55000610EFB /* SummaryTableViewCell.swift */,
				A75F3B9B285790D5000AC9B7 /* Assets.xcassets */,
				A75F3B9D285790D5000AC9B7 /* LaunchScreen.storyboard */,
				A75F3BA0285790D5000AC9B7 /* Info.plist */,
				A7449B1B2868AD6200610EFB /* spotlight120.png */,
			);
			path = Weather_Search;
			sourceTree = "<group>";
		};
/* End PBXGroup section */

/* Begin PBXNativeTarget section */
		A75F3B8E285790D2000AC9B7 /* Weather_Search */ = {
			isa = PBXNativeTarget;
			buildConfigurationList = A75F3BA3285790D5000AC9B7 /* Build configuration list for PBXNativeTarget "Weather_Search" */;
			buildPhases = (
				A75F3B8B285790D2000AC9B7 /* Sources */,
				A75F3B8C285790D2000AC9B7 /* Frameworks */,
				A75F3B8D285790D2000AC9B7 /* Resources */,
			);
			buildRules = (
			);
			dependencies = (
			);
			name = Weather_Search;
			productName = Weather_Search;
			productReference = A75F3B8F285790D2000AC9B7 /* Weather_Search.app */;
			productType = "com.apple.product-type.application";
		};
/* End PBXNativeTarget section */

/* Begin PBXProject section */
		A75F3B87285790D2000AC9B7 /* Project object */ = {
			isa = PBXProject;
			attributes = {
				BuildIndependentTargetsInParallel = 1;
				LastSwiftUpdateCheck = 1340;
				LastUpgradeCheck = 1340;
				TargetAttributes = {
					A75F3B8E285790D2000AC9B7 = {
						CreatedOnToolsVersion = 13.4.1;
					};
				};
			};
			buildConfigurationList = A75F3B8A285790D2000AC9B7 /* Build configuration list for PBXProject "Weather_Search" */;
			compatibilityVersion = "Xcode 13.0";
			developmentRegion = en;
			hasScannedForEncodings = 0;
			knownRegions = (
				en,
				Base,
			);
			mainGroup = A75F3B86285790D2000AC9B7;
			productRefGroup = A75F3B90285790D2000AC9B7 /* Products */;
			projectDirPath = "";
			projectRoot = "";
			targets = (
				A75F3B8E285790D2000AC9B7 /* Weather_Search */,
			);
		};
/* End PBXProject section */

/* Begin PBXResourcesBuildPhase section */
		A75F3B8D285790D2000AC9B7 /* Resources */ = {
			isa = PBXResourcesBuildPhase;
			buildActionMask = 2147483647;
			files = (
				A73CAB3B286B2F4D00CAA770 /* KeyList.plist in Resources */,
				A75F3B9F285790D5000AC9B7 /* LaunchScreen.storyboard in Resources */,
				A75F3B9C285790D5000AC9B7 /* Assets.xcassets in Resources */,
				A7449B1C2868AD6200610EFB /* spotlight120.png in Resources */,
			);
			runOnlyForDeploymentPostprocessing = 0;
		};
/* End PBXResourcesBuildPhase section */

/* Begin PBXSourcesBuildPhase section */
		A75F3B8B285790D2000AC9B7 /* Sources */ = {
			isa = PBXSourcesBuildPhase;
			buildActionMask = 2147483647;
			files = (
				A73CAB39286A271300CAA770 /* DetailViewVC.swift in Sources */,
				A75F3B93285790D2000AC9B7 /* AppDelegate.swift in Sources */,
				A7449B182868A45F00610EFB /* SummaryViewVC.swift in Sources */,
				A7449B1628689A1A00610EFB /* UIinitSetting.swift in Sources */,
				A7449B1A2868A55000610EFB /* SummaryTableViewCell.swift in Sources */,
				A7449B1E2869881E00610EFB /* APIModel.swift in Sources */,
				A75F3B95285790D2000AC9B7 /* SceneDelegate.swift in Sources */,
			);
			runOnlyForDeploymentPostprocessing = 0;
		};
/* End PBXSourcesBuildPhase section */

/* Begin PBXVariantGroup section */
		A75F3B9D285790D5000AC9B7 /* LaunchScreen.storyboard */ = {
			isa = PBXVariantGroup;
			children = (
				A75F3B9E285790D5000AC9B7 /* Base */,
			);
			name = LaunchScreen.storyboard;
			sourceTree = "<group>";
		};
/* End PBXVariantGroup section */

/* Begin XCBuildConfiguration section */
		A75F3BA1285790D5000AC9B7 /* Debug */ = {
			isa = XCBuildConfiguration;
			buildSettings = {
				ALWAYS_SEARCH_USER_PATHS = NO;
				CLANG_ANALYZER_NONNULL = YES;
				CLANG_ANALYZER_NUMBER_OBJECT_CONVERSION = YES_AGGRESSIVE;
				CLANG_CXX_LANGUAGE_STANDARD = "gnu++17";
				CLANG_ENABLE_MODULES = YES;
				CLANG_ENABLE_OBJC_ARC = YES;
				CLANG_ENABLE_OBJC_WEAK = YES;
				CLANG_WARN_BLOCK_CAPTURE_AUTORELEASING = YES;
				CLANG_WARN_BOOL_CONVERSION = YES;
				CLANG_WARN_COMMA = YES;
				CLANG_WARN_CONSTANT_CONVERSION = YES;
				CLANG_WARN_DEPRECATED_OBJC_IMPLEMENTATIONS = YES;
				CLANG_WARN_DIRECT_OBJC_ISA_USAGE = YES_ERROR;
				CLANG_WARN_DOCUMENTATION_COMMENTS = YES;
				CLANG_WARN_EMPTY_BODY = YES;
				CLANG_WARN_ENUM_CONVERSION = YES;
				CLANG_WARN_INFINITE_RECURSION = YES;
				CLANG_WARN_INT_CONVERSION = YES;
				CLANG_WARN_NON_LITERAL_NULL_CONVERSION = YES;
				CLANG_WARN_OBJC_IMPLICIT_RETAIN_SELF = YES;
				CLANG_WARN_OBJC_LITERAL_CONVERSION = YES;
				CLANG_WARN_OBJC_ROOT_CLASS = YES_ERROR;
				CLANG_WARN_QUOTED_INCLUDE_IN_FRAMEWORK_HEADER = YES;
				CLANG_WARN_RANGE_LOOP_ANALYSIS = YES;
				CLANG_WARN_STRICT_PROTOTYPES = YES;
				CLANG_WARN_SUSPICIOUS_MOVE = YES;
				CLANG_WARN_UNGUARDED_AVAILABILITY = YES_AGGRESSIVE;
				CLANG_WARN_UNREACHABLE_CODE = YES;
				CLANG_WARN__DUPLICATE_METHOD_MATCH = YES;
				COPY_PHASE_STRIP = NO;
				DEBUG_INFORMATION_FORMAT = dwarf;
				ENABLE_STRICT_OBJC_MSGSEND = YES;
				ENABLE_TESTABILITY = YES;
				GCC_C_LANGUAGE_STANDARD = gnu11;
				GCC_DYNAMIC_NO_PIC = NO;
				GCC_NO_COMMON_BLOCKS = YES;
				GCC_OPTIMIZATION_LEVEL = 0;
				GCC_PREPROCESSOR_DEFINITIONS = (
					"DEBUG=1",
					"$(inherited)",
				);
				GCC_WARN_64_TO_32_BIT_CONVERSION = YES;
				GCC_WARN_ABOUT_RETURN_TYPE = YES_ERROR;
				GCC_WARN_UNDECLARED_SELECTOR = YES;
				GCC_WARN_UNINITIALIZED_AUTOS = YES_AGGRESSIVE;
				GCC_WARN_UNUSED_FUNCTION = YES;
				GCC_WARN_UNUSED_VARIABLE = YES;
				IPHONEOS_DEPLOYMENT_TARGET = 15.5;
				MTL_ENABLE_DEBUG_INFO = INCLUDE_SOURCE;
				MTL_FAST_MATH = YES;
				ONLY_ACTIVE_ARCH = YES;
				SDKROOT = iphoneos;
				SWIFT_ACTIVE_COMPILATION_CONDITIONS = DEBUG;
				SWIFT_OPTIMIZATION_LEVEL = "-Onone";
			};
			name = Debug;
		};
		A75F3BA2285790D5000AC9B7 /* Release */ = {
			isa = XCBuildConfiguration;
			buildSettings = {
				ALWAYS_SEARCH_USER_PATHS = NO;
				CLANG_ANALYZER_NONNULL = YES;
				CLANG_ANALYZER_NUMBER_OBJECT_CONVERSION = YES_AGGRESSIVE;
				CLANG_CXX_LANGUAGE_STANDARD = "gnu++17";
				CLANG_ENABLE_MODULES = YES;
				CLANG_ENABLE_OBJC_ARC = YES;
				CLANG_ENABLE_OBJC_WEAK = YES;
				CLANG_WARN_BLOCK_CAPTURE_AUTORELEASING = YES;
				CLANG_WARN_BOOL_CONVERSION = YES;
				CLANG_WARN_COMMA = YES;
				CLANG_WARN_CONSTANT_CONVERSION = YES;
				CLANG_WARN_DEPRECATED_OBJC_IMPLEMENTATIONS = YES;
				CLANG_WARN_DIRECT_OBJC_ISA_USAGE = YES_ERROR;
				CLANG_WARN_DOCUMENTATION_COMMENTS = YES;
				CLANG_WARN_EMPTY_BODY = YES;
				CLANG_WARN_ENUM_CONVERSION = YES;
				CLANG_WARN_INFINITE_RECURSION = YES;
				CLANG_WARN_INT_CONVERSION = YES;
				CLANG_WARN_NON_LITERAL_NULL_CONVERSION = YES;
				CLANG_WARN_OBJC_IMPLICIT_RETAIN_SELF = YES;
				CLANG_WARN_OBJC_LITERAL_CONVERSION = YES;
				CLANG_WARN_OBJC_ROOT_CLASS = YES_ERROR;
				CLANG_WARN_QUOTED_INCLUDE_IN_FRAMEWORK_HEADER = YES;
				CLANG_WARN_RANGE_LOOP_ANALYSIS = YES;
				CLANG_WARN_STRICT_PROTOTYPES = YES;
				CLANG_WARN_SUSPICIOUS_MOVE = YES;
				CLANG_WARN_UNGUARDED_AVAILABILITY = YES_AGGRESSIVE;
				CLANG_WARN_UNREACHABLE_CODE = YES;
				CLANG_WARN__DUPLICATE_METHOD_MATCH = YES;
				COPY_PHASE_STRIP = NO;
				DEBUG_INFORMATION_FORMAT = "dwarf-with-dsym";
				ENABLE_NS_ASSERTIONS = NO;
				ENABLE_STRICT_OBJC_MSGSEND = YES;
				GCC_C_LANGUAGE_STANDARD = gnu11;
				GCC_NO_COMMON_BLOCKS = YES;
				GCC_WARN_64_TO_32_BIT_CONVERSION = YES;
				GCC_WARN_ABOUT_RETURN_TYPE = YES_ERROR;
				GCC_WARN_UNDECLARED_SELECTOR = YES;
				GCC_WARN_UNINITIALIZED_AUTOS = YES_AGGRESSIVE;
				GCC_WARN_UNUSED_FUNCTION = YES;
				GCC_WARN_UNUSED_VARIABLE = YES;
				IPHONEOS_DEPLOYMENT_TARGET = 15.5;
				MTL_ENABLE_DEBUG_INFO = NO;
				MTL_FAST_MATH = YES;
				SDKROOT = iphoneos;
				SWIFT_COMPILATION_MODE = wholemodule;
				SWIFT_OPTIMIZATION_LEVEL = "-O";
				VALIDATE_PRODUCT = YES;
			};
			name = Release;
		};
		A75F3BA4285790D5000AC9B7 /* Debug */ = {
			isa = XCBuildConfiguration;
			buildSettings = {
				ASSETCATALOG_COMPILER_APPICON_NAME = AppIcon;
				ASSETCATALOG_COMPILER_GLOBAL_ACCENT_COLOR_NAME = AccentColor;
				CODE_SIGN_STYLE = Automatic;
				CURRENT_PROJECT_VERSION = 1;
				DEVELOPMENT_TEAM = 45MYH7ZHUQ;
				GENERATE_INFOPLIST_FILE = YES;
				INFOPLIST_FILE = Weather_Search/Info.plist;
				INFOPLIST_KEY_UIApplicationSupportsIndirectInputEvents = YES;
				INFOPLIST_KEY_UILaunchStoryboardName = LaunchScreen;
				INFOPLIST_KEY_UISupportedInterfaceOrientations_iPad = "UIInterfaceOrientationPortrait UIInterfaceOrientationPortraitUpsideDown UIInterfaceOrientationLandscapeLeft UIInterfaceOrientationLandscapeRight";
				INFOPLIST_KEY_UISupportedInterfaceOrientations_iPhone = "UIInterfaceOrientationPortrait UIInterfaceOrientationLandscapeLeft UIInterfaceOrientationLandscapeRight";
				LD_RUNPATH_SEARCH_PATHS = (
					"$(inherited)",
					"@executable_path/Frameworks",
				);
				MARKETING_VERSION = 1.0;
				PRODUCT_BUNDLE_IDENTIFIER = "Sean.Weather-Search";
				PRODUCT_NAME = "$(TARGET_NAME)";
				SWIFT_EMIT_LOC_STRINGS = YES;
				SWIFT_VERSION = 5.0;
				TARGETED_DEVICE_FAMILY = "1,2";
			};
			name = Debug;
		};
		A75F3BA5285790D5000AC9B7 /* Release */ = {
			isa = XCBuildConfiguration;
			buildSettings = {
				ASSETCATALOG_COMPILER_APPICON_NAME = AppIcon;
				ASSETCATALOG_COMPILER_GLOBAL_ACCENT_COLOR_NAME = AccentColor;
				CODE_SIGN_STYLE = Automatic;
				CURRENT_PROJECT_VERSION = 1;
				DEVELOPMENT_TEAM = 45MYH7ZHUQ;
				GENERATE_INFOPLIST_FILE = YES;
				INFOPLIST_FILE = Weather_Search/Info.plist;
				INFOPLIST_KEY_UIApplicationSupportsIndirectInputEvents = YES;
				INFOPLIST_KEY_UILaunchStoryboardName = LaunchScreen;
				INFOPLIST_KEY_UISupportedInterfaceOrientations_iPad = "UIInterfaceOrientationPortrait UIInterfaceOrientationPortraitUpsideDown UIInterfaceOrientationLandscapeLeft UIInterfaceOrientationLandscapeRight";
				INFOPLIST_KEY_UISupportedInterfaceOrientations_iPhone = "UIInterfaceOrientationPortrait UIInterfaceOrientationLandscapeLeft UIInterfaceOrientationLandscapeRight";
				LD_RUNPATH_SEARCH_PATHS = (
					"$(inherited)",
					"@executable_path/Frameworks",
				);
				MARKETING_VERSION = 1.0;
				PRODUCT_BUNDLE_IDENTIFIER = "Sean.Weather-Search";
				PRODUCT_NAME = "$(TARGET_NAME)";
				SWIFT_EMIT_LOC_STRINGS = YES;
				SWIFT_VERSION = 5.0;
				TARGETED_DEVICE_FAMILY = "1,2";
			};
			name = Release;
		};
/* End XCBuildConfiguration section */

/* Begin XCConfigurationList section */
		A75F3B8A285790D2000AC9B7 /* Build configuration list for PBXProject "Weather_Search" */ = {
			isa = XCConfigurationList;
			buildConfigurations = (
				A75F3BA1285790D5000AC9B7 /* Debug */,
				A75F3BA2285790D5000AC9B7 /* Release */,
			);
			defaultConfigurationIsVisible = 0;
			defaultConfigurationName = Release;
		};
		A75F3BA3285790D5000AC9B7 /* Build configuration list for PBXNativeTarget "Weather_Search" */ = {
			isa = XCConfigurationList;
			buildConfigurations = (
				A75F3BA4285790D5000AC9B7 /* Debug */,
				A75F3BA5285790D5000AC9B7 /* Release */,
			);
			defaultConfigurationIsVisible = 0;
			defaultConfigurationName = Release;
		};
/* End XCConfigurationList section */
	};
	rootObject = A75F3B87285790D2000AC9B7 /* Project object */;
}
